
Microsoft Visual Studio Solution File, Format Version 12.00
# Visual Studio Version 16
VisualStudioVersion = 16.0.30523.141
MinimumVisualStudioVersion = 10.0.40219.1
Project("{FAE04EC0-301F-11D3-BF4B-00C04F79EFBC}") = "IdentityProje1", "IdentityProje1\IdentityProje1.csproj", "{734D3047-F93A-43AA-9482-955F6EF54B81}"
EndProject
Global
	GlobalSection(SolutionConfigurationPlatforms) = preSolution
		Debug|Any CPU = Debug|Any CPU
		Release|Any CPU = Release|Any CPU
	EndGlobalSection
	GlobalSection(ProjectConfigurationPlatforms) = postSolution
		{734D3047-F93A-43AA-9482-955F6EF54B81}.Debug|Any CPU.ActiveCfg = Debug|Any CPU
		{734D3047-F93A-43AA-9482-955F6EF54B81}.Debug|Any CPU.Build.0 = Debug|Any CPU
		{734D3047-F93A-43AA-9482-955F6EF54B81}.Release|Any CPU.ActiveCfg = Release|Any CPU
		{734D3047-F93A-43AA-9482-955F6EF54B81}.Release|Any CPU.Build.0 = Release|Any CPU
	EndGlobalSection
	GlobalSection(SolutionProperties) = preSolution
		HideSolutionNode = FALSE
	EndGlobalSection
	GlobalSection(ExtensibilityGlobals) = postSolution
		SolutionGuid = {813D57E9-8231-461B-B9BB-C0D1F264079F}
	EndGlobalSection
EndGlobal
